
Microsoft Visual Studio Solution File, Format Version 12.00
# Visual Studio Version 17
VisualStudioVersion = 17.9.34622.214
MinimumVisualStudioVersion = 10.0.40219.1
Project("{FAE04EC0-301F-11D3-BF4B-00C04F79EFBC}") = "FUMiniHotelSystemClassLib", "FUMiniHotelSystemClassLib\FUMiniHotelSystemClassLib.csproj", "{FAC9B557-2914-4B05-A42B-3F9889ACE08E}"
EndProject
Project("{FAE04EC0-301F-11D3-BF4B-00C04F79EFBC}") = "FUMINUHOTELSYSTEM", "FUMINUHOTELSYSTEM\FUMINUHOTELSYSTEM.csproj", "{90541669-BDF2-4FAD-B64F-915CC1A2BE85}"
EndProject
Global
	GlobalSection(SolutionConfigurationPlatforms) = preSolution
		Debug|Any CPU = Debug|Any CPU
		Release|Any CPU = Release|Any CPU
	EndGlobalSection
	GlobalSection(ProjectConfigurationPlatforms) = postSolution
		{FAC9B557-2914-4B05-A42B-3F9889ACE08E}.Debug|Any CPU.ActiveCfg = Debug|Any CPU
		{FAC9B557-2914-4B05-A42B-3F9889ACE08E}.Debug|Any CPU.Build.0 = Debug|Any CPU
		{FAC9B557-2914-4B05-A42B-3F9889ACE08E}.Release|Any CPU.ActiveCfg = Release|Any CPU
		{FAC9B557-2914-4B05-A42B-3F9889ACE08E}.Release|Any CPU.Build.0 = Release|Any CPU
		{90541669-BDF2-4FAD-B64F-915CC1A2BE85}.Debug|Any CPU.ActiveCfg = Debug|Any CPU
		{90541669-BDF2-4FAD-B64F-915CC1A2BE85}.Debug|Any CPU.Build.0 = Debug|Any CPU
		{90541669-BDF2-4FAD-B64F-915CC1A2BE85}.Release|Any CPU.ActiveCfg = Release|Any CPU
		{90541669-BDF2-4FAD-B64F-915CC1A2BE85}.Release|Any CPU.Build.0 = Release|Any CPU
	EndGlobalSection
	GlobalSection(SolutionProperties) = preSolution
		HideSolutionNode = FALSE
	EndGlobalSection
	GlobalSection(ExtensibilityGlobals) = postSolution
		SolutionGuid = {2CCED0E9-B4EB-4AA2-811E-23F08E04492E}
	EndGlobalSection
EndGlobal
